
Microsoft Visual Studio Solution File, Format Version 12.00
# Visual Studio 2015
Project("{FAE04EC0-301F-11D3-BF4B-00C04F79EFBC}") = "MG2 Ripoff", "MG2 Ripoff.csproj", "{36CFDF7B-B91A-214C-16CF-545229EDE8ED}"
EndProject
Project("{FAE04EC0-301F-11D3-BF4B-00C04F79EFBC}") = "MG2 Ripoff.Editor", "MG2 Ripoff.Editor.csproj", "{CD2A9774-6CD4-CAC6-FCC7-BD764ADFE4D6}"
EndProject
Global
	GlobalSection(SolutionConfigurationPlatforms) = preSolution
		Debug|Any CPU = Debug|Any CPU
		Release|Any CPU = Release|Any CPU
	EndGlobalSection
	GlobalSection(ProjectConfigurationPlatforms) = postSolution
		{36CFDF7B-B91A-214C-16CF-545229EDE8ED}.Debug|Any CPU.ActiveCfg = Debug|Any CPU
		{36CFDF7B-B91A-214C-16CF-545229EDE8ED}.Debug|Any CPU.Build.0 = Debug|Any CPU
		{36CFDF7B-B91A-214C-16CF-545229EDE8ED}.Release|Any CPU.ActiveCfg = Release|Any CPU
		{36CFDF7B-B91A-214C-16CF-545229EDE8ED}.Release|Any CPU.Build.0 = Release|Any CPU
		{CD2A9774-6CD4-CAC6-FCC7-BD764ADFE4D6}.Debug|Any CPU.ActiveCfg = Debug|Any CPU
		{CD2A9774-6CD4-CAC6-FCC7-BD764ADFE4D6}.Debug|Any CPU.Build.0 = Debug|Any CPU
		{CD2A9774-6CD4-CAC6-FCC7-BD764ADFE4D6}.Release|Any CPU.ActiveCfg = Release|Any CPU
		{CD2A9774-6CD4-CAC6-FCC7-BD764ADFE4D6}.Release|Any CPU.Build.0 = Release|Any CPU
	EndGlobalSection
	GlobalSection(SolutionProperties) = preSolution
		HideSolutionNode = FALSE
	EndGlobalSection
EndGlobal
